
Microsoft Visual Studio Solution File, Format Version 12.00
# Visual Studio 2013
VisualStudioVersion = 12.0.30324.0
MinimumVisualStudioVersion = 10.0.40219.1
Project("{FAE04EC0-301F-11D3-BF4B-00C04F79EFBC}") = "StyleMVVM", "StyleMVVM\StyleMVVM.csproj", "{6FEE07B1-8878-401E-AC66-5783A286655F}"
EndProject
Project("{FAE04EC0-301F-11D3-BF4B-00C04F79EFBC}") = "StyleMVVM.DotNet", "StyleMVVM.DotNet\StyleMVVM.DotNet.csproj", "{6A16B837-EBE3-44C6-98F9-7FDF1EF787A0}"
EndProject
Global
	GlobalSection(SolutionConfigurationPlatforms) = preSolution
		Debug|Any CPU = Debug|Any CPU
		Release|Any CPU = Release|Any CPU
	EndGlobalSection
	GlobalSection(ProjectConfigurationPlatforms) = postSolution
		{6FEE07B1-8878-401E-AC66-5783A286655F}.Debug|Any CPU.ActiveCfg = Debug|Any CPU
		{6FEE07B1-8878-401E-AC66-5783A286655F}.Debug|Any CPU.Build.0 = Debug|Any CPU
		{6FEE07B1-8878-401E-AC66-5783A286655F}.Release|Any CPU.ActiveCfg = Release|Any CPU
		{6FEE07B1-8878-401E-AC66-5783A286655F}.Release|Any CPU.Build.0 = Release|Any CPU
		{6A16B837-EBE3-44C6-98F9-7FDF1EF787A0}.Debug|Any CPU.ActiveCfg = Debug|Any CPU
		{6A16B837-EBE3-44C6-98F9-7FDF1EF787A0}.Debug|Any CPU.Build.0 = Debug|Any CPU
		{6A16B837-EBE3-44C6-98F9-7FDF1EF787A0}.Release|Any CPU.ActiveCfg = Release|Any CPU
		{6A16B837-EBE3-44C6-98F9-7FDF1EF787A0}.Release|Any CPU.Build.0 = Release|Any CPU
	EndGlobalSection
	GlobalSection(SolutionProperties) = preSolution
		HideSolutionNode = FALSE
	EndGlobalSection
EndGlobal
