
Microsoft Visual Studio Solution File, Format Version 12.00
# Visual Studio 2012
Project("{FAE04EC0-301F-11D3-BF4B-00C04F79EFBC}") = "StyleMVVM", "StyleMVVM\StyleMVVM.csproj", "{051C643F-FC47-46E7-A325-EAEC807764DC}"
EndProject
Project("{FAE04EC0-301F-11D3-BF4B-00C04F79EFBC}") = "StyleMVVM.Net", "StyleMVVM.Net\StyleMVVM.Net.csproj", "{052D87DF-C727-4FEE-B66F-D443B8545AD6}"
EndProject
Project("{FAE04EC0-301F-11D3-BF4B-00C04F79EFBC}") = "StyleMVVM.Phone", "StyleMVVM.Phone\StyleMVVM.Phone.csproj", "{93A77B1F-1B20-4891-BF16-434C93E6A35F}"
EndProject
Project("{FAE04EC0-301F-11D3-BF4B-00C04F79EFBC}") = "StyleMVVM.AppStore", "StyleMVVM.AppStore\StyleMVVM.AppStore.csproj", "{FF656C51-033F-4FE3-BFA8-F08F06627156}"
EndProject
Global
	GlobalSection(SolutionConfigurationPlatforms) = preSolution
		Debug|Any CPU = Debug|Any CPU
		Debug|ARM = Debug|ARM
		Debug|x64 = Debug|x64
		Debug|x86 = Debug|x86
		Release|Any CPU = Release|Any CPU
		Release|ARM = Release|ARM
		Release|x64 = Release|x64
		Release|x86 = Release|x86
	EndGlobalSection
	GlobalSection(ProjectConfigurationPlatforms) = postSolution
		{051C643F-FC47-46E7-A325-EAEC807764DC}.Debug|Any CPU.ActiveCfg = Debug|Any CPU
		{051C643F-FC47-46E7-A325-EAEC807764DC}.Debug|Any CPU.Build.0 = Debug|Any CPU
		{051C643F-FC47-46E7-A325-EAEC807764DC}.Debug|ARM.ActiveCfg = Debug|Any CPU
		{051C643F-FC47-46E7-A325-EAEC807764DC}.Debug|x64.ActiveCfg = Debug|Any CPU
		{051C643F-FC47-46E7-A325-EAEC807764DC}.Debug|x86.ActiveCfg = Debug|Any CPU
		{051C643F-FC47-46E7-A325-EAEC807764DC}.Release|Any CPU.ActiveCfg = Release|Any CPU
		{051C643F-FC47-46E7-A325-EAEC807764DC}.Release|Any CPU.Build.0 = Release|Any CPU
		{051C643F-FC47-46E7-A325-EAEC807764DC}.Release|ARM.ActiveCfg = Release|Any CPU
		{051C643F-FC47-46E7-A325-EAEC807764DC}.Release|x64.ActiveCfg = Release|Any CPU
		{051C643F-FC47-46E7-A325-EAEC807764DC}.Release|x86.ActiveCfg = Release|Any CPU
		{052D87DF-C727-4FEE-B66F-D443B8545AD6}.Debug|Any CPU.ActiveCfg = Debug|Any CPU
		{052D87DF-C727-4FEE-B66F-D443B8545AD6}.Debug|Any CPU.Build.0 = Debug|Any CPU
		{052D87DF-C727-4FEE-B66F-D443B8545AD6}.Debug|ARM.ActiveCfg = Debug|Any CPU
		{052D87DF-C727-4FEE-B66F-D443B8545AD6}.Debug|x64.ActiveCfg = Debug|Any CPU
		{052D87DF-C727-4FEE-B66F-D443B8545AD6}.Debug|x86.ActiveCfg = Debug|Any CPU
		{052D87DF-C727-4FEE-B66F-D443B8545AD6}.Release|Any CPU.ActiveCfg = Release|Any CPU
		{052D87DF-C727-4FEE-B66F-D443B8545AD6}.Release|Any CPU.Build.0 = Release|Any CPU
		{052D87DF-C727-4FEE-B66F-D443B8545AD6}.Release|ARM.ActiveCfg = Release|Any CPU
		{052D87DF-C727-4FEE-B66F-D443B8545AD6}.Release|x64.ActiveCfg = Release|Any CPU
		{052D87DF-C727-4FEE-B66F-D443B8545AD6}.Release|x86.ActiveCfg = Release|Any CPU
		{93A77B1F-1B20-4891-BF16-434C93E6A35F}.Debug|Any CPU.ActiveCfg = Debug|Any CPU
		{93A77B1F-1B20-4891-BF16-434C93E6A35F}.Debug|Any CPU.Build.0 = Debug|Any CPU
		{93A77B1F-1B20-4891-BF16-434C93E6A35F}.Debug|ARM.ActiveCfg = Debug|ARM
		{93A77B1F-1B20-4891-BF16-434C93E6A35F}.Debug|ARM.Build.0 = Debug|ARM
		{93A77B1F-1B20-4891-BF16-434C93E6A35F}.Debug|x64.ActiveCfg = Debug|Any CPU
		{93A77B1F-1B20-4891-BF16-434C93E6A35F}.Debug|x86.ActiveCfg = Debug|x86
		{93A77B1F-1B20-4891-BF16-434C93E6A35F}.Debug|x86.Build.0 = Debug|x86
		{93A77B1F-1B20-4891-BF16-434C93E6A35F}.Release|Any CPU.ActiveCfg = Release|Any CPU
		{93A77B1F-1B20-4891-BF16-434C93E6A35F}.Release|Any CPU.Build.0 = Release|Any CPU
		{93A77B1F-1B20-4891-BF16-434C93E6A35F}.Release|ARM.ActiveCfg = Release|ARM
		{93A77B1F-1B20-4891-BF16-434C93E6A35F}.Release|ARM.Build.0 = Release|ARM
		{93A77B1F-1B20-4891-BF16-434C93E6A35F}.Release|x64.ActiveCfg = Release|Any CPU
		{93A77B1F-1B20-4891-BF16-434C93E6A35F}.Release|x86.ActiveCfg = Release|x86
		{93A77B1F-1B20-4891-BF16-434C93E6A35F}.Release|x86.Build.0 = Release|x86
		{FF656C51-033F-4FE3-BFA8-F08F06627156}.Debug|Any CPU.ActiveCfg = Debug|Any CPU
		{FF656C51-033F-4FE3-BFA8-F08F06627156}.Debug|Any CPU.Build.0 = Debug|Any CPU
		{FF656C51-033F-4FE3-BFA8-F08F06627156}.Debug|ARM.ActiveCfg = Debug|ARM
		{FF656C51-033F-4FE3-BFA8-F08F06627156}.Debug|ARM.Build.0 = Debug|ARM
		{FF656C51-033F-4FE3-BFA8-F08F06627156}.Debug|x64.ActiveCfg = Debug|x64
		{FF656C51-033F-4FE3-BFA8-F08F06627156}.Debug|x64.Build.0 = Debug|x64
		{FF656C51-033F-4FE3-BFA8-F08F06627156}.Debug|x86.ActiveCfg = Debug|x86
		{FF656C51-033F-4FE3-BFA8-F08F06627156}.Debug|x86.Build.0 = Debug|x86
		{FF656C51-033F-4FE3-BFA8-F08F06627156}.Release|Any CPU.ActiveCfg = Release|Any CPU
		{FF656C51-033F-4FE3-BFA8-F08F06627156}.Release|Any CPU.Build.0 = Release|Any CPU
		{FF656C51-033F-4FE3-BFA8-F08F06627156}.Release|ARM.ActiveCfg = Release|ARM
		{FF656C51-033F-4FE3-BFA8-F08F06627156}.Release|ARM.Build.0 = Release|ARM
		{FF656C51-033F-4FE3-BFA8-F08F06627156}.Release|x64.ActiveCfg = Release|x64
		{FF656C51-033F-4FE3-BFA8-F08F06627156}.Release|x64.Build.0 = Release|x64
		{FF656C51-033F-4FE3-BFA8-F08F06627156}.Release|x86.ActiveCfg = Release|x86
		{FF656C51-033F-4FE3-BFA8-F08F06627156}.Release|x86.Build.0 = Release|x86
	EndGlobalSection
	GlobalSection(SolutionProperties) = preSolution
		HideSolutionNode = FALSE
	EndGlobalSection
EndGlobal
